// !$*UTF8*$!
{
	archiveVersion = 1;
	classes = {
	};
	objectVersion = 46;
	objects = {

/* Begin PBXBuildFile section */
		4298624EE52E2A59A6281586 /* libPods-BaseApplication_demoTests.a in Frameworks */ = {isa = PBXBuildFile; fileRef = 7718B3558CC548B154C91A25 /* libPods-BaseApplication_demoTests.a */; };
		83551D19B02EB8D0653A5E95 /* libPods-BaseApplication_demo.a in Frameworks */ = {isa = PBXBuildFile; fileRef = 80C6B11F7D0730585DEC2FAF /* libPods-BaseApplication_demo.a */; };
		E60522DF1E08C20C00B1CA21 /* CLLocation+Sino.m in Sources */ = {isa = PBXBuildFile; fileRef = E60522DC1E08C20C00B1CA21 /* CLLocation+Sino.m */; };
		E60522E01E08C20C00B1CA21 /* CLLocManager.m in Sources */ = {isa = PBXBuildFile; fileRef = E60522DE1E08C20C00B1CA21 /* CLLocManager.m */; };
		E60522E51E08FD7A00B1CA21 /* TableViewController.m in Sources */ = {isa = PBXBuildFile; fileRef = E60522E41E08FD7A00B1CA21 /* TableViewController.m */; };
		E60522EB1E0912B200B1CA21 /* NativeMapVC.m in Sources */ = {isa = PBXBuildFile; fileRef = E60522EA1E0912B200B1CA21 /* NativeMapVC.m */; };
		E60522ED1E0916CE00B1CA21 /* MapKit.framework in Frameworks */ = {isa = PBXBuildFile; fileRef = E60522EC1E0916CE00B1CA21 /* MapKit.framework */; };
		E613944D1D8786ED00E98943 /* main.m in Sources */ = {isa = PBXBuildFile; fileRef = E613944C1D8786ED00E98943 /* main.m */; };
		E61394501D8786ED00E98943 /* AppDelegate.m in Sources */ = {isa = PBXBuildFile; fileRef = E613944F1D8786ED00E98943 /* AppDelegate.m */; };
		E613945B1D8786EE00E98943 /* Assets.xcassets in Resources */ = {isa = PBXBuildFile; fileRef = E613945A1D8786EE00E98943 /* Assets.xcassets */; };
		E613945E1D8786EE00E98943 /* LaunchScreen.storyboard in Resources */ = {isa = PBXBuildFile; fileRef = E613945C1D8786EE00E98943 /* LaunchScreen.storyboard */; };
		E61394691D8786EE00E98943 /* BaseApplication_demoTests.m in Sources */ = {isa = PBXBuildFile; fileRef = E61394681D8786EE00E98943 /* BaseApplication_demoTests.m */; };
		E61394741D8786EE00E98943 /* BaseApplication_demoUITests.m in Sources */ = {isa = PBXBuildFile; fileRef = E61394731D8786EE00E98943 /* BaseApplication_demoUITests.m */; };
		E61394A31D878CF300E98943 /* MyNavigationController.m in Sources */ = {isa = PBXBuildFile; fileRef = E61394981D878CF300E98943 /* MyNavigationController.m */; };
		E61394A41D878CF300E98943 /* MyTabBarController.m in Sources */ = {isa = PBXBuildFile; fileRef = E613949A1D878CF300E98943 /* MyTabBarController.m */; };
		E61394A51D878CF300E98943 /* FirstViewController.m in Sources */ = {isa = PBXBuildFile; fileRef = E613949D1D878CF300E98943 /* FirstViewController.m */; };
		E61394A61D878CF300E98943 /* SecondViewController.m in Sources */ = {isa = PBXBuildFile; fileRef = E613949F1D878CF300E98943 /* SecondViewController.m */; };
		E61394A71D878CF300E98943 /* ThirdViewController.m in Sources */ = {isa = PBXBuildFile; fileRef = E61394A11D878CF300E98943 /* ThirdViewController.m */; };
		E61394B01D87A51E00E98943 /* CommonController.m in Sources */ = {isa = PBXBuildFile; fileRef = E61394AF1D87A51E00E98943 /* CommonController.m */; };
		E61394B61D87A9C600E98943 /* RetryButton.m in Sources */ = {isa = PBXBuildFile; fileRef = E61394B31D87A9C600E98943 /* RetryButton.m */; };
		E61394B71D87A9C700E98943 /* RetryView.m in Sources */ = {isa = PBXBuildFile; fileRef = E61394B51D87A9C600E98943 /* RetryView.m */; };
		E61394BC1D87AB3300E98943 /* UIView+accelerator.m in Sources */ = {isa = PBXBuildFile; fileRef = E61394BB1D87AB3300E98943 /* UIView+accelerator.m */; };
		E61394C21D87CBFA00E98943 /* UIImage+color.m in Sources */ = {isa = PBXBuildFile; fileRef = E61394C11D87CBFA00E98943 /* UIImage+color.m */; };
		E61394CB1D87D3DC00E98943 /* UIViewController+progress.m in Sources */ = {isa = PBXBuildFile; fileRef = E61394CA1D87D3DC00E98943 /* UIViewController+progress.m */; };
		E61394CE1D87ED0600E98943 /* UILabel+accelerator.m in Sources */ = {isa = PBXBuildFile; fileRef = E61394CD1D87ED0600E98943 /* UILabel+accelerator.m */; };
		E61394D11D87ED5A00E98943 /* NSString+accelerator.m in Sources */ = {isa = PBXBuildFile; fileRef = E61394D01D87ED5A00E98943 /* NSString+accelerator.m */; };
		E61394D51D87EDFC00E98943 /* BaseModel.m in Sources */ = {isa = PBXBuildFile; fileRef = E61394D41D87EDFC00E98943 /* BaseModel.m */; };
		E61394D81D87EF4900E98943 /* NSObject+propertyList.m in Sources */ = {isa = PBXBuildFile; fileRef = E61394D71D87EF4900E98943 /* NSObject+propertyList.m */; };
		E61394DC1D87F2A900E98943 /* Model1.m in Sources */ = {isa = PBXBuildFile; fileRef = E61394DB1D87F2A900E98943 /* Model1.m */; };
		E65AE2471E0CC0F000611DA4 /* ULSegmentControl.m in Sources */ = {isa = PBXBuildFile; fileRef = E65AE2461E0CC0F000611DA4 /* ULSegmentControl.m */; };
		E65AE2491E0D23A900611DA4 /* SystemConfiguration.framework in Frameworks */ = {isa = PBXBuildFile; fileRef = E65AE2481E0D23A900611DA4 /* SystemConfiguration.framework */; };
		E65AE2551E0D38C900611DA4 /* image.png in Resources */ = {isa = PBXBuildFile; fileRef = E65AE24F1E0D38C900611DA4 /* image.png */; };
		E65AE2DD1E0E2A3900611DA4 /* WkWebViewController.m in Sources */ = {isa = PBXBuildFile; fileRef = E65AE2DC1E0E2A3900611DA4 /* WkWebViewController.m */; };
		E6716A581D90D86D009A22D9 /* Model.xcdatamodeld in Sources */ = {isa = PBXBuildFile; fileRef = E6716A561D90D86D009A22D9 /* Model.xcdatamodeld */; };
		E6716A5D1D90D8B2009A22D9 /* Entity1+CoreDataProperties.m in Sources */ = {isa = PBXBuildFile; fileRef = E6716A5A1D90D8B2009A22D9 /* Entity1+CoreDataProperties.m */; };
		E6716A5E1D90D8B2009A22D9 /* Entity1.m in Sources */ = {isa = PBXBuildFile; fileRef = E6716A5C1D90D8B2009A22D9 /* Entity1.m */; };
		E6716A611D90D8D7009A22D9 /* CoreData.m in Sources */ = {isa = PBXBuildFile; fileRef = E6716A601D90D8D7009A22D9 /* CoreData.m */; };
		E678651B1D8E25C20094237E /* Request.m in Sources */ = {isa = PBXBuildFile; fileRef = E678651A1D8E25C20094237E /* Request.m */; };
		E678651D1D8ECB980094237E /* 引导一.jpg in Resources */ = {isa = PBXBuildFile; fileRef = E678651C1D8ECB980094237E /* 引导一.jpg */; };
		FE83B725B1BE3076023135B9 /* libPods-BaseApplication_demoUITests.a in Frameworks */ = {isa = PBXBuildFile; fileRef = 6B3775D9E96ADA80DC5AF473 /* libPods-BaseApplication_demoUITests.a */; };
/* End PBXBuildFile section */

/* Begin PBXContainerItemProxy section */
		E61394651D8786EE00E98943 /* PBXContainerItemProxy */ = {
			isa = PBXContainerItemProxy;
			containerPortal = E61394401D8786ED00E98943 /* Project object */;
			proxyType = 1;
			remoteGlobalIDString = E61394471D8786ED00E98943;
			remoteInfo = BaseApplication_demo;
		};
		E61394701D8786EE00E98943 /* PBXContainerItemProxy */ = {
			isa = PBXContainerItemProxy;
			containerPortal = E61394401D8786ED00E98943 /* Project object */;
			proxyType = 1;
			remoteGlobalIDString = E61394471D8786ED00E98943;
			remoteInfo = BaseApplication_demo;
		};
/* End PBXContainerItemProxy section */

/* Begin PBXFileReference section */
		36A6220473EA50A304F3DAEB /* Pods-BaseApplication_demoUITests.debug.xcconfig */ = {isa = PBXFileReference; includeInIndex = 1; lastKnownFileType = text.xcconfig; name = "Pods-BaseApplication_demoUITests.debug.xcconfig"; path = "Pods/Target Support Files/Pods-BaseApplication_demoUITests/Pods-BaseApplication_demoUITests.debug.xcconfig"; sourceTree = "<group>"; };
		68EA0F68C1962FE48DF6667F /* Pods-BaseApplication_demoTests.debug.xcconfig */ = {isa = PBXFileReference; includeInIndex = 1; lastKnownFileType = text.xcconfig; name = "Pods-BaseApplication_demoTests.debug.xcconfig"; path = "Pods/Target Support Files/Pods-BaseApplication_demoTests/Pods-BaseApplication_demoTests.debug.xcconfig"; sourceTree = "<group>"; };
		6B3775D9E96ADA80DC5AF473 /* libPods-BaseApplication_demoUITests.a */ = {isa = PBXFileReference; explicitFileType = archive.ar; includeInIndex = 0; path = "libPods-BaseApplication_demoUITests.a"; sourceTree = BUILT_PRODUCTS_DIR; };
		7718B3558CC548B154C91A25 /* libPods-BaseApplication_demoTests.a */ = {isa = PBXFileReference; explicitFileType = archive.ar; includeInIndex = 0; path = "libPods-BaseApplication_demoTests.a"; sourceTree = BUILT_PRODUCTS_DIR; };
		78EEB5CBEE6DF115F16FBE35 /* Pods-BaseApplication_demo.debug.xcconfig */ = {isa = PBXFileReference; includeInIndex = 1; lastKnownFileType = text.xcconfig; name = "Pods-BaseApplication_demo.debug.xcconfig"; path = "Pods/Target Support Files/Pods-BaseApplication_demo/Pods-BaseApplication_demo.debug.xcconfig"; sourceTree = "<group>"; };
		80C6B11F7D0730585DEC2FAF /* libPods-BaseApplication_demo.a */ = {isa = PBXFileReference; explicitFileType = archive.ar; includeInIndex = 0; path = "libPods-BaseApplication_demo.a"; sourceTree = BUILT_PRODUCTS_DIR; };
		ADD58A5C7DB362EBED1B8FB1 /* Pods-BaseApplication_demoUITests.release.xcconfig */ = {isa = PBXFileReference; includeInIndex = 1; lastKnownFileType = text.xcconfig; name = "Pods-BaseApplication_demoUITests.release.xcconfig"; path = "Pods/Target Support Files/Pods-BaseApplication_demoUITests/Pods-BaseApplication_demoUITests.release.xcconfig"; sourceTree = "<group>"; };
		B73A2D8202FEF1624E1F02D0 /* Pods-BaseApplication_demo.release.xcconfig */ = {isa = PBXFileReference; includeInIndex = 1; lastKnownFileType = text.xcconfig; name = "Pods-BaseApplication_demo.release.xcconfig"; path = "Pods/Target Support Files/Pods-BaseApplication_demo/Pods-BaseApplication_demo.release.xcconfig"; sourceTree = "<group>"; };
		E308585D8897CA9E24B164F3 /* Pods-BaseApplication_demoTests.release.xcconfig */ = {isa = PBXFileReference; includeInIndex = 1; lastKnownFileType = text.xcconfig; name = "Pods-BaseApplication_demoTests.release.xcconfig"; path = "Pods/Target Support Files/Pods-BaseApplication_demoTests/Pods-BaseApplication_demoTests.release.xcconfig"; sourceTree = "<group>"; };
		E60522DB1E08C20C00B1CA21 /* CLLocation+Sino.h */ = {isa = PBXFileReference; fileEncoding = 4; lastKnownFileType = sourcecode.c.h; name = "CLLocation+Sino.h"; path = "../Util/CLLocation+Sino.h"; sourceTree = "<group>"; };
		E60522DC1E08C20C00B1CA21 /* CLLocation+Sino.m */ = {isa = PBXFileReference; fileEncoding = 4; lastKnownFileType = sourcecode.c.objc; name = "CLLocation+Sino.m"; path = "../Util/CLLocation+Sino.m"; sourceTree = "<group>"; };
		E60522DD1E08C20C00B1CA21 /* CLLocManager.h */ = {isa = PBXFileReference; fileEncoding = 4; lastKnownFileType = sourcecode.c.h; path = CLLocManager.h; sourceTree = "<group>"; };
		E60522DE1E08C20C00B1CA21 /* CLLocManager.m */ = {isa = PBXFileReference; fileEncoding = 4; lastKnownFileType = sourcecode.c.objc; path = CLLocManager.m; sourceTree = "<group>"; };
		E60522E31E08FD7A00B1CA21 /* TableViewController.h */ = {isa = PBXFileReference; fileEncoding = 4; lastKnownFileType = sourcecode.c.h; path = TableViewController.h; sourceTree = "<group>"; };
		E60522E41E08FD7A00B1CA21 /* TableViewController.m */ = {isa = PBXFileReference; fileEncoding = 4; lastKnownFileType = sourcecode.c.objc; path = TableViewController.m; sourceTree = "<group>"; };
		E60522E91E0912B200B1CA21 /* NativeMapVC.h */ = {isa = PBXFileReference; fileEncoding = 4; lastKnownFileType = sourcecode.c.h; path = NativeMapVC.h; sourceTree = "<group>"; };
		E60522EA1E0912B200B1CA21 /* NativeMapVC.m */ = {isa = PBXFileReference; fileEncoding = 4; lastKnownFileType = sourcecode.c.objc; path = NativeMapVC.m; sourceTree = "<group>"; };
		E60522EC1E0916CE00B1CA21 /* MapKit.framework */ = {isa = PBXFileReference; lastKnownFileType = wrapper.framework; name = MapKit.framework; path = System/Library/Frameworks/MapKit.framework; sourceTree = SDKROOT; };
		E61394481D8786ED00E98943 /* BaseApplication_demo.app */ = {isa = PBXFileReference; explicitFileType = wrapper.application; includeInIndex = 0; path = BaseApplication_demo.app; sourceTree = BUILT_PRODUCTS_DIR; };
		E613944C1D8786ED00E98943 /* main.m */ = {isa = PBXFileReference; lastKnownFileType = sourcecode.c.objc; path = main.m; sourceTree = "<group>"; };
		E613944E1D8786ED00E98943 /* AppDelegate.h */ = {isa = PBXFileReference; lastKnownFileType = sourcecode.c.h; path = AppDelegate.h; sourceTree = "<group>"; };
		E613944F1D8786ED00E98943 /* AppDelegate.m */ = {isa = PBXFileReference; lastKnownFileType = sourcecode.c.objc; path = AppDelegate.m; sourceTree = "<group>"; };
		E613945A1D8786EE00E98943 /* Assets.xcassets */ = {isa = PBXFileReference; lastKnownFileType = folder.assetcatalog; path = Assets.xcassets; sourceTree = "<group>"; };
		E613945D1D8786EE00E98943 /* Base */ = {isa = PBXFileReference; lastKnownFileType = file.storyboard; name = Base; path = Base.lproj/LaunchScreen.storyboard; sourceTree = "<group>"; };
		E613945F1D8786EE00E98943 /* Info.plist */ = {isa = PBXFileReference; lastKnownFileType = text.plist.xml; path = Info.plist; sourceTree = "<group>"; };
		E61394641D8786EE00E98943 /* BaseApplication_demoTests.xctest */ = {isa = PBXFileReference; explicitFileType = wrapper.cfbundle; includeInIndex = 0; path = BaseApplication_demoTests.xctest; sourceTree = BUILT_PRODUCTS_DIR; };
		E61394681D8786EE00E98943 /* BaseApplication_demoTests.m */ = {isa = PBXFileReference; lastKnownFileType = sourcecode.c.objc; path = BaseApplication_demoTests.m; sourceTree = "<group>"; };
		E613946A1D8786EE00E98943 /* Info.plist */ = {isa = PBXFileReference; lastKnownFileType = text.plist.xml; path = Info.plist; sourceTree = "<group>"; };
		E613946F1D8786EE00E98943 /* BaseApplication_demoUITests.xctest */ = {isa = PBXFileReference; explicitFileType = wrapper.cfbundle; includeInIndex = 0; path = BaseApplication_demoUITests.xctest; sourceTree = BUILT_PRODUCTS_DIR; };
		E61394731D8786EE00E98943 /* BaseApplication_demoUITests.m */ = {isa = PBXFileReference; lastKnownFileType = sourcecode.c.objc; path = BaseApplication_demoUITests.m; sourceTree = "<group>"; };
		E61394751D8786EE00E98943 /* Info.plist */ = {isa = PBXFileReference; lastKnownFileType = text.plist.xml; path = Info.plist; sourceTree = "<group>"; };
		E61394871D87898200E98943 /* BasePCH.pch */ = {isa = PBXFileReference; fileEncoding = 4; lastKnownFileType = sourcecode.c.h; path = BasePCH.pch; sourceTree = "<group>"; };
		E613948A1D878A5D00E98943 /* Macro.h */ = {isa = PBXFileReference; fileEncoding = 4; lastKnownFileType = sourcecode.c.h; path = Macro.h; sourceTree = "<group>"; };
		E613948B1D878B3100E98943 /* RequestAPI.h */ = {isa = PBXFileReference; lastKnownFileType = sourcecode.c.h; name = RequestAPI.h; path = BaseApplication_demo/RequestAPI.h; sourceTree = SOURCE_ROOT; };
		E61394971D878CF300E98943 /* MyNavigationController.h */ = {isa = PBXFileReference; fileEncoding = 4; lastKnownFileType = sourcecode.c.h; path = MyNavigationController.h; sourceTree = "<group>"; };
		E61394981D878CF300E98943 /* MyNavigationController.m */ = {isa = PBXFileReference; fileEncoding = 4; lastKnownFileType = sourcecode.c.objc; path = MyNavigationController.m; sourceTree = "<group>"; };
		E61394991D878CF300E98943 /* MyTabBarController.h */ = {isa = PBXFileReference; fileEncoding = 4; lastKnownFileType = sourcecode.c.h; path = MyTabBarController.h; sourceTree = "<group>"; };
		E613949A1D878CF300E98943 /* MyTabBarController.m */ = {isa = PBXFileReference; fileEncoding = 4; lastKnownFileType = sourcecode.c.objc; path = MyTabBarController.m; sourceTree = "<group>"; };
		E613949C1D878CF300E98943 /* FirstViewController.h */ = {isa = PBXFileReference; fileEncoding = 4; lastKnownFileType = sourcecode.c.h; path = FirstViewController.h; sourceTree = "<group>"; };
		E613949D1D878CF300E98943 /* FirstViewController.m */ = {isa = PBXFileReference; fileEncoding = 4; lastKnownFileType = sourcecode.c.objc; path = FirstViewController.m; sourceTree = "<group>"; };
		E613949E1D878CF300E98943 /* SecondViewController.h */ = {isa = PBXFileReference; fileEncoding = 4; lastKnownFileType = sourcecode.c.h; path = SecondViewController.h; sourceTree = "<group>"; };
		E613949F1D878CF300E98943 /* SecondViewController.m */ = {isa = PBXFileReference; fileEncoding = 4; lastKnownFileType = sourcecode.c.objc; path = SecondViewController.m; sourceTree = "<group>"; xcLanguageSpecificationIdentifier = xcode.lang.objc; };
		E61394A01D878CF300E98943 /* ThirdViewController.h */ = {isa = PBXFileReference; fileEncoding = 4; lastKnownFileType = sourcecode.c.h; path = ThirdViewController.h; sourceTree = "<group>"; };
		E61394A11D878CF300E98943 /* ThirdViewController.m */ = {isa = PBXFileReference; fileEncoding = 4; lastKnownFileType = sourcecode.c.objc; path = ThirdViewController.m; sourceTree = "<group>"; };
		E61394AA1D878D6900E98943 /* CatogoryAPI.h */ = {isa = PBXFileReference; lastKnownFileType = sourcecode.c.h; path = CatogoryAPI.h; sourceTree = "<group>"; };
		E61394AE1D87A51E00E98943 /* CommonController.h */ = {isa = PBXFileReference; fileEncoding = 4; lastKnownFileType = sourcecode.c.h; path = CommonController.h; sourceTree = "<group>"; };
		E61394AF1D87A51E00E98943 /* CommonController.m */ = {isa = PBXFileReference; fileEncoding = 4; lastKnownFileType = sourcecode.c.objc; path = CommonController.m; sourceTree = "<group>"; };
		E61394B21D87A9C600E98943 /* RetryButton.h */ = {isa = PBXFileReference; fileEncoding = 4; lastKnownFileType = sourcecode.c.h; path = RetryButton.h; sourceTree = "<group>"; };
		E61394B31D87A9C600E98943 /* RetryButton.m */ = {isa = PBXFileReference; fileEncoding = 4; lastKnownFileType = sourcecode.c.objc; path = RetryButton.m; sourceTree = "<group>"; };
		E61394B41D87A9C600E98943 /* RetryView.h */ = {isa = PBXFileReference; fileEncoding = 4; lastKnownFileType = sourcecode.c.h; path = RetryView.h; sourceTree = "<group>"; };
		E61394B51D87A9C600E98943 /* RetryView.m */ = {isa = PBXFileReference; fileEncoding = 4; lastKnownFileType = sourcecode.c.objc; path = RetryView.m; sourceTree = "<group>"; };
		E61394BA1D87AB3300E98943 /* UIView+accelerator.h */ = {isa = PBXFileReference; fileEncoding = 4; lastKnownFileType = sourcecode.c.h; path = "UIView+accelerator.h"; sourceTree = "<group>"; };
		E61394BB1D87AB3300E98943 /* UIView+accelerator.m */ = {isa = PBXFileReference; fileEncoding = 4; lastKnownFileType = sourcecode.c.objc; path = "UIView+accelerator.m"; sourceTree = "<group>"; };
		E61394C01D87CBFA00E98943 /* UIImage+color.h */ = {isa = PBXFileReference; fileEncoding = 4; lastKnownFileType = sourcecode.c.h; path = "UIImage+color.h"; sourceTree = "<group>"; };
		E61394C11D87CBFA00E98943 /* UIImage+color.m */ = {isa = PBXFileReference; fileEncoding = 4; lastKnownFileType = sourcecode.c.objc; path = "UIImage+color.m"; sourceTree = "<group>"; };
		E61394C91D87D3DC00E98943 /* UIViewController+progress.h */ = {isa = PBXFileReference; fileEncoding = 4; lastKnownFileType = sourcecode.c.h; path = "UIViewController+progress.h"; sourceTree = "<group>"; };
		E61394CA1D87D3DC00E98943 /* UIViewController+progress.m */ = {isa = PBXFileReference; fileEncoding = 4; lastKnownFileType = sourcecode.c.objc; path = "UIViewController+progress.m"; sourceTree = "<group>"; };
		E61394CC1D87ED0600E98943 /* UILabel+accelerator.h */ = {isa = PBXFileReference; fileEncoding = 4; lastKnownFileType = sourcecode.c.h; path = "UILabel+accelerator.h"; sourceTree = "<group>"; };
		E61394CD1D87ED0600E98943 /* UILabel+accelerator.m */ = {isa = PBXFileReference; fileEncoding = 4; lastKnownFileType = sourcecode.c.objc; path = "UILabel+accelerator.m"; sourceTree = "<group>"; };
		E61394CF1D87ED5A00E98943 /* NSString+accelerator.h */ = {isa = PBXFileReference; fileEncoding = 4; lastKnownFileType = sourcecode.c.h; path = "NSString+accelerator.h"; sourceTree = "<group>"; };
		E61394D01D87ED5A00E98943 /* NSString+accelerator.m */ = {isa = PBXFileReference; fileEncoding = 4; lastKnownFileType = sourcecode.c.objc; path = "NSString+accelerator.m"; sourceTree = "<group>"; };
		E61394D31D87EDFC00E98943 /* BaseModel.h */ = {isa = PBXFileReference; fileEncoding = 4; lastKnownFileType = sourcecode.c.h; path = BaseModel.h; sourceTree = "<group>"; };
		E61394D41D87EDFC00E98943 /* BaseModel.m */ = {isa = PBXFileReference; fileEncoding = 4; lastKnownFileType = sourcecode.c.objc; path = BaseModel.m; sourceTree = "<group>"; };
		E61394D61D87EF4900E98943 /* NSObject+propertyList.h */ = {isa = PBXFileReference; fileEncoding = 4; lastKnownFileType = sourcecode.c.h; path = "NSObject+propertyList.h"; sourceTree = "<group>"; };
		E61394D71D87EF4900E98943 /* NSObject+propertyList.m */ = {isa = PBXFileReference; fileEncoding = 4; lastKnownFileType = sourcecode.c.objc; path = "NSObject+propertyList.m"; sourceTree = "<group>"; };
		E61394D91D87F10D00E98943 /* ModelAPI.h */ = {isa = PBXFileReference; fileEncoding = 4; lastKnownFileType = sourcecode.c.h; path = ModelAPI.h; sourceTree = "<group>"; };
		E61394DA1D87F2A900E98943 /* Model1.h */ = {isa = PBXFileReference; fileEncoding = 4; lastKnownFileType = sourcecode.c.h; path = Model1.h; sourceTree = "<group>"; };
		E61394DB1D87F2A900E98943 /* Model1.m */ = {isa = PBXFileReference; fileEncoding = 4; lastKnownFileType = sourcecode.c.objc; path = Model1.m; sourceTree = "<group>"; };
		E65AE2451E0CC0F000611DA4 /* ULSegmentControl.h */ = {isa = PBXFileReference; fileEncoding = 4; lastKnownFileType = sourcecode.c.h; path = ULSegmentControl.h; sourceTree = "<group>"; };
		E65AE2461E0CC0F000611DA4 /* ULSegmentControl.m */ = {isa = PBXFileReference; fileEncoding = 4; lastKnownFileType = sourcecode.c.objc; path = ULSegmentControl.m; sourceTree = "<group>"; };
		E65AE2481E0D23A900611DA4 /* SystemConfiguration.framework */ = {isa = PBXFileReference; lastKnownFileType = wrapper.framework; name = SystemConfiguration.framework; path = System/Library/Frameworks/SystemConfiguration.framework; sourceTree = SDKROOT; };
		E65AE24F1E0D38C900611DA4 /* image.png */ = {isa = PBXFileReference; lastKnownFileType = image.png; path = image.png; sourceTree = "<group>"; };
		E65AE2981E0E283200611DA4 /* 店长推荐.htm */ = {isa = PBXFileReference; lastKnownFileType = text.html; path = "店长推荐.htm"; sourceTree = "<group>"; };
		E65AE29A1E0E283200611DA4 /* 201610111037187915_big.jpg */ = {isa = PBXFileReference; lastKnownFileType = image.jpeg; path = 201610111037187915_big.jpg; sourceTree = "<group>"; };
		E65AE29B1E0E283200611DA4 /* 201611151601072517_big.jpg */ = {isa = PBXFileReference; lastKnownFileType = image.jpeg; path = 201611151601072517_big.jpg; sourceTree = "<group>"; };
		E65AE29C1E0E283200611DA4 /* 201611231516338491_big.jpg */ = {isa = PBXFileReference; lastKnownFileType = image.jpeg; path = 201611231516338491_big.jpg; sourceTree = "<group>"; };
		E65AE29D1E0E283200611DA4 /* 201611241031267859_big.jpg */ = {isa = PBXFileReference; lastKnownFileType = image.jpeg; path = 201611241031267859_big.jpg; sourceTree = "<group>"; };
		E65AE29E1E0E283200611DA4 /* 201611241226190396_big.jpg */ = {isa = PBXFileReference; lastKnownFileType = image.jpeg; path = 201611241226190396_big.jpg; sourceTree = "<group>"; };
		E65AE29F1E0E283200611DA4 /* 201612041424242811_big.jpg */ = {isa = PBXFileReference; lastKnownFileType = image.jpeg; path = 201612041424242811_big.jpg; sourceTree = "<group>"; };
		E65AE2A01E0E283200611DA4 /* 201612061046318572_big.jpg */ = {isa = PBXFileReference; lastKnownFileType = image.jpeg; path = 201612061046318572_big.jpg; sourceTree = "<group>"; };
		E65AE2A11E0E283200611DA4 /* 201612061503039353_big.jpg */ = {isa = PBXFileReference; lastKnownFileType = image.jpeg; path = 201612061503039353_big.jpg; sourceTree = "<group>"; };
		E65AE2A21E0E283200611DA4 /* 201612061621335064_big.jpg */ = {isa = PBXFileReference; lastKnownFileType = image.jpeg; path = 201612061621335064_big.jpg; sourceTree = "<group>"; };
		E65AE2A31E0E283200611DA4 /* 201612081711353636_big.jpg */ = {isa = PBXFileReference; lastKnownFileType = image.jpeg; path = 201612081711353636_big.jpg; sourceTree = "<group>"; };
		E65AE2A41E0E283200611DA4 /* base.css */ = {isa = PBXFileReference; lastKnownFileType = text.css; path = base.css; sourceTree = "<group>"; };
		E65AE2A51E0E283200611DA4 /* detail.css */ = {isa = PBXFileReference; lastKnownFileType = text.css; path = detail.css; sourceTree = "<group>"; };
		E65AE2A61E0E283200611DA4 /* dztj.jpg */ = {isa = PBXFileReference; lastKnownFileType = image.jpeg; path = dztj.jpg; sourceTree = "<group>"; };
		E65AE2A71E0E283200611DA4 /* jquery-1.7.2.min.js */ = {isa = PBXFileReference; lastKnownFileType = sourcecode.javascript; path = "jquery-1.7.2.min.js"; sourceTree = "<group>"; };
		E65AE2A81E0E283200611DA4 /* juicer-min.js */ = {isa = PBXFileReference; lastKnownFileType = sourcecode.javascript; path = "juicer-min.js"; sourceTree = "<group>"; };
		E65AE2A91E0E283200611DA4 /* u84.png */ = {isa = PBXFileReference; lastKnownFileType = image.png; path = u84.png; sourceTree = "<group>"; };
		E65AE2AB1E0E283200611DA4 /* copy-template-build-step.js */ = {isa = PBXFileReference; lastKnownFileType = sourcecode.javascript; path = "copy-template-build-step.js"; sourceTree = "<group>"; };
		E65AE2AE1E0E283200611DA4 /* .documentup.json */ = {isa = PBXFileReference; lastKnownFileType = text.json; path = .documentup.json; sourceTree = "<group>"; };
		E65AE2AF1E0E283200611DA4 /* .jshintrc */ = {isa = PBXFileReference; lastKnownFileType = text; path = .jshintrc; sourceTree = "<group>"; };
		E65AE2B01E0E283200611DA4 /* .npmignore */ = {isa = PBXFileReference; lastKnownFileType = text; path = .npmignore; sourceTree = "<group>"; };
		E65AE2B11E0E283200611DA4 /* .travis.yml */ = {isa = PBXFileReference; lastKnownFileType = text; path = .travis.yml; sourceTree = "<group>"; };
		E65AE2B31E0E283200611DA4 /* shjs */ = {isa = PBXFileReference; lastKnownFileType = text; path = shjs; sourceTree = "<group>"; };
		E65AE2B41E0E283200611DA4 /* global.js */ = {isa = PBXFileReference; lastKnownFileType = sourcecode.javascript; path = global.js; sourceTree = "<group>"; };
		E65AE2B51E0E283200611DA4 /* LICENSE */ = {isa = PBXFileReference; lastKnownFileType = text; path = LICENSE; sourceTree = "<group>"; };
		E65AE2B61E0E283200611DA4 /* make.js */ = {isa = PBXFileReference; lastKnownFileType = sourcecode.javascript; path = make.js; sourceTree = "<group>"; };
		E65AE2B71E0E283200611DA4 /* package.json */ = {isa = PBXFileReference; lastKnownFileType = text.json; path = package.json; sourceTree = "<group>"; };
		E65AE2B81E0E283200611DA4 /* README.md */ = {isa = PBXFileReference; lastKnownFileType = net.daringfireball.markdown; path = README.md; sourceTree = "<group>"; };
		E65AE2B91E0E283200611DA4 /* RELEASE.md */ = {isa = PBXFileReference; lastKnownFileType = net.daringfireball.markdown; path = RELEASE.md; sourceTree = "<group>"; };
		E65AE2BB1E0E283200611DA4 /* generate-docs.js */ = {isa = PBXFileReference; lastKnownFileType = sourcecode.javascript; path = "generate-docs.js"; sourceTree = "<group>"; };
		E65AE2BC1E0E283200611DA4 /* run-tests.js */ = {isa = PBXFileReference; lastKnownFileType = sourcecode.javascript; path = "run-tests.js"; sourceTree = "<group>"; };
		E65AE2BD1E0E283200611DA4 /* shell.js */ = {isa = PBXFileReference; lastKnownFileType = sourcecode.javascript; path = shell.js; sourceTree = "<group>"; };
		E65AE2BF1E0E283200611DA4 /* cat.js */ = {isa = PBXFileReference; lastKnownFileType = sourcecode.javascript; path = cat.js; sourceTree = "<group>"; };
		E65AE2C01E0E283200611DA4 /* cd.js */ = {isa = PBXFileReference; lastKnownFileType = sourcecode.javascript; path = cd.js; sourceTree = "<group>"; };
		E65AE2C11E0E283200611DA4 /* chmod.js */ = {isa = PBXFileReference; lastKnownFileType = sourcecode.javascript; path = chmod.js; sourceTree = "<group>"; };
		E65AE2C21E0E283200611DA4 /* common.js */ = {isa = PBXFileReference; lastKnownFileType = sourcecode.javascript; path = common.js; sourceTree = "<group>"; };
		E65AE2C31E0E283200611DA4 /* cp.js */ = {isa = PBXFileReference; lastKnownFileType = sourcecode.javascript; path = cp.js; sourceTree = "<group>"; };
		E65AE2C41E0E283200611DA4 /* dirs.js */ = {isa = PBXFileReference; lastKnownFileType = sourcecode.javascript; path = dirs.js; sourceTree = "<group>"; };
		E65AE2C51E0E283200611DA4 /* echo.js */ = {isa = PBXFileReference; lastKnownFileType = sourcecode.javascript; path = echo.js; sourceTree = "<group>"; };
		E65AE2C61E0E283200611DA4 /* error.js */ = {isa = PBXFileReference; lastKnownFileType = sourcecode.javascript; path = error.js; sourceTree = "<group>"; };
		E65AE2C71E0E283200611DA4 /* exec.js */ = {isa = PBXFileReference; lastKnownFileType = sourcecode.javascript; path = exec.js; sourceTree = "<group>"; };
		E65AE2C81E0E283200611DA4 /* find.js */ = {isa = PBXFileReference; lastKnownFileType = sourcecode.javascript; path = find.js; sourceTree = "<group>"; };
		E65AE2C91E0E283200611DA4 /* grep.js */ = {isa = PBXFileReference; lastKnownFileType = sourcecode.javascript; path = grep.js; sourceTree = "<group>"; };
		E65AE2CA1E0E283200611DA4 /* ln.js */ = {isa = PBXFileReference; lastKnownFileType = sourcecode.javascript; path = ln.js; sourceTree = "<group>"; };
		E65AE2CB1E0E283200611DA4 /* ls.js */ = {isa = PBXFileReference; lastKnownFileType = sourcecode.javascript; path = ls.js; sourceTree = "<group>"; };
		E65AE2CC1E0E283200611DA4 /* mkdir.js */ = {isa = PBXFileReference; lastKnownFileType = sourcecode.javascript; path = mkdir.js; sourceTree = "<group>"; };
		E65AE2CD1E0E283200611DA4 /* mv.js */ = {isa = PBXFileReference; lastKnownFileType = sourcecode.javascript; path = mv.js; sourceTree = "<group>"; };
		E65AE2CE1E0E283200611DA4 /* popd.js */ = {isa = PBXFileReference; lastKnownFileType = sourcecode.javascript; path = popd.js; sourceTree = "<group>"; };
		E65AE2CF1E0E283200611DA4 /* pushd.js */ = {isa = PBXFileReference; lastKnownFileType = sourcecode.javascript; path = pushd.js; sourceTree = "<group>"; };
		E65AE2D01E0E283200611DA4 /* pwd.js */ = {isa = PBXFileReference; lastKnownFileType = sourcecode.javascript; path = pwd.js; sourceTree = "<group>"; };
		E65AE2D11E0E283200611DA4 /* rm.js */ = {isa = PBXFileReference; lastKnownFileType = sourcecode.javascript; path = rm.js; sourceTree = "<group>"; };
		E65AE2D21E0E283200611DA4 /* sed.js */ = {isa = PBXFileReference; lastKnownFileType = sourcecode.javascript; path = sed.js; sourceTree = "<group>"; };
		E65AE2D31E0E283200611DA4 /* tempdir.js */ = {isa = PBXFileReference; lastKnownFileType = sourcecode.javascript; path = tempdir.js; sourceTree = "<group>"; };
		E65AE2D41E0E283200611DA4 /* test.js */ = {isa = PBXFileReference; lastKnownFileType = sourcecode.javascript; path = test.js; sourceTree = "<group>"; };
		E65AE2D51E0E283200611DA4 /* to.js */ = {isa = PBXFileReference; lastKnownFileType = sourcecode.javascript; path = to.js; sourceTree = "<group>"; };
		E65AE2D61E0E283200611DA4 /* toEnd.js */ = {isa = PBXFileReference; lastKnownFileType = sourcecode.javascript; path = toEnd.js; sourceTree = "<group>"; };
		E65AE2D71E0E283200611DA4 /* which.js */ = {isa = PBXFileReference; lastKnownFileType = sourcecode.javascript; path = which.js; sourceTree = "<group>"; };
		E65AE2DB1E0E2A3900611DA4 /* WkWebViewController.h */ = {isa = PBXFileReference; fileEncoding = 4; lastKnownFileType = sourcecode.c.h; path = WkWebViewController.h; sourceTree = "<group>"; };
		E65AE2DC1E0E2A3900611DA4 /* WkWebViewController.m */ = {isa = PBXFileReference; fileEncoding = 4; lastKnownFileType = sourcecode.c.objc; path = WkWebViewController.m; sourceTree = "<group>"; };
		E6716A571D90D86D009A22D9 /* Model.xcdatamodel */ = {isa = PBXFileReference; lastKnownFileType = wrapper.xcdatamodel; path = Model.xcdatamodel; sourceTree = "<group>"; };
		E6716A591D90D8B2009A22D9 /* Entity1+CoreDataProperties.h */ = {isa = PBXFileReference; fileEncoding = 4; lastKnownFileType = sourcecode.c.h; name = "Entity1+CoreDataProperties.h"; path = "../Class/Entity1+CoreDataProperties.h"; sourceTree = "<group>"; };
		E6716A5A1D90D8B2009A22D9 /* Entity1+CoreDataProperties.m */ = {isa = PBXFileReference; fileEncoding = 4; lastKnownFileType = sourcecode.c.objc; name = "Entity1+CoreDataProperties.m"; path = "../Class/Entity1+CoreDataProperties.m"; sourceTree = "<group>"; };
		E6716A5B1D90D8B2009A22D9 /* Entity1.h */ = {isa = PBXFileReference; fileEncoding = 4; lastKnownFileType = sourcecode.c.h; name = Entity1.h; path = ../Class/Entity1.h; sourceTree = "<group>"; };
		E6716A5C1D90D8B2009A22D9 /* Entity1.m */ = {isa = PBXFileReference; fileEncoding = 4; lastKnownFileType = sourcecode.c.objc; name = Entity1.m; path = ../Class/Entity1.m; sourceTree = "<group>"; };
		E6716A5F1D90D8D7009A22D9 /* CoreData.h */ = {isa = PBXFileReference; fileEncoding = 4; lastKnownFileType = sourcecode.c.h; name = CoreData.h; path = ../Class/CoreData.h; sourceTree = "<group>"; };
		E6716A601D90D8D7009A22D9 /* CoreData.m */ = {isa = PBXFileReference; fileEncoding = 4; lastKnownFileType = sourcecode.c.objc; name = CoreData.m; path = ../Class/CoreData.m; sourceTree = "<group>"; };
		E67865191D8E25C20094237E /* Request.h */ = {isa = PBXFileReference; fileEncoding = 4; lastKnownFileType = sourcecode.c.h; path = Request.h; sourceTree = "<group>"; };
		E678651A1D8E25C20094237E /* Request.m */ = {isa = PBXFileReference; fileEncoding = 4; lastKnownFileType = sourcecode.c.objc; path = Request.m; sourceTree = "<group>"; };
		E678651C1D8ECB980094237E /* 引导一.jpg */ = {isa = PBXFileReference; lastKnownFileType = image.jpeg; path = "引导一.jpg"; sourceTree = "<group>"; };
/* End PBXFileReference section */

/* Begin PBXFrameworksBuildPhase section */
		E61394451D8786ED00E98943 /* Frameworks */ = {
			isa = PBXFrameworksBuildPhase;
			buildActionMask = 2147483647;
			files = (
				E65AE2491E0D23A900611DA4 /* SystemConfiguration.framework in Frameworks */,
				E60522ED1E0916CE00B1CA21 /* MapKit.framework in Frameworks */,
				83551D19B02EB8D0653A5E95 /* libPods-BaseApplication_demo.a in Frameworks */,
			);
			runOnlyForDeploymentPostprocessing = 0;
		};
		E61394611D8786EE00E98943 /* Frameworks */ = {
			isa = PBXFrameworksBuildPhase;
			buildActionMask = 2147483647;
			files = (
				4298624EE52E2A59A6281586 /* libPods-BaseApplication_demoTests.a in Frameworks */,
			);
			runOnlyForDeploymentPostprocessing = 0;
		};
		E613946C1D8786EE00E98943 /* Frameworks */ = {
			isa = PBXFrameworksBuildPhase;
			buildActionMask = 2147483647;
			files = (
				FE83B725B1BE3076023135B9 /* libPods-BaseApplication_demoUITests.a in Frameworks */,
			);
			runOnlyForDeploymentPostprocessing = 0;
		};
/* End PBXFrameworksBuildPhase section */

/* Begin PBXGroup section */
		802DF0475EED0B63572277E7 /* Pods */ = {
			isa = PBXGroup;
			children = (
				78EEB5CBEE6DF115F16FBE35 /* Pods-BaseApplication_demo.debug.xcconfig */,
				B73A2D8202FEF1624E1F02D0 /* Pods-BaseApplication_demo.release.xcconfig */,
				68EA0F68C1962FE48DF6667F /* Pods-BaseApplication_demoTests.debug.xcconfig */,
				E308585D8897CA9E24B164F3 /* Pods-BaseApplication_demoTests.release.xcconfig */,
				36A6220473EA50A304F3DAEB /* Pods-BaseApplication_demoUITests.debug.xcconfig */,
				ADD58A5C7DB362EBED1B8FB1 /* Pods-BaseApplication_demoUITests.release.xcconfig */,
			);
			name = Pods;
			sourceTree = "<group>";
		};
		8A92FCC07BF4798EFC5743E2 /* Frameworks */ = {
			isa = PBXGroup;
			children = (
				E65AE2481E0D23A900611DA4 /* SystemConfiguration.framework */,
				E60522EC1E0916CE00B1CA21 /* MapKit.framework */,
				80C6B11F7D0730585DEC2FAF /* libPods-BaseApplication_demo.a */,
				7718B3558CC548B154C91A25 /* libPods-BaseApplication_demoTests.a */,
				6B3775D9E96ADA80DC5AF473 /* libPods-BaseApplication_demoUITests.a */,
			);
			name = Frameworks;
			sourceTree = "<group>";
		};
		E60522DA1E08C19F00B1CA21 /* Util */ = {
			isa = PBXGroup;
			children = (
				E60522E11E08D11A00B1CA21 /* CoreData */,
				E60522DD1E08C20C00B1CA21 /* CLLocManager.h */,
				E60522DE1E08C20C00B1CA21 /* CLLocManager.m */,
			);
			path = Util;
			sourceTree = "<group>";
		};
		E60522E11E08D11A00B1CA21 /* CoreData */ = {
			isa = PBXGroup;
			children = (
				E6716A5F1D90D8D7009A22D9 /* CoreData.h */,
				E6716A601D90D8D7009A22D9 /* CoreData.m */,
				E6716A561D90D86D009A22D9 /* Model.xcdatamodeld */,
				E6716A591D90D8B2009A22D9 /* Entity1+CoreDataProperties.h */,
				E6716A5A1D90D8B2009A22D9 /* Entity1+CoreDataProperties.m */,
				E6716A5B1D90D8B2009A22D9 /* Entity1.h */,
				E6716A5C1D90D8B2009A22D9 /* Entity1.m */,
			);
			name = CoreData;
			sourceTree = "<group>";
		};
		E60522E21E08FD3900B1CA21 /* VC */ = {
			isa = PBXGroup;
			children = (
				E60522E31E08FD7A00B1CA21 /* TableViewController.h */,
				E60522E41E08FD7A00B1CA21 /* TableViewController.m */,
				E65AE2DA1E0E2A0000611DA4 /* WkWebView */,
				E65AE2D91E0E29ED00611DA4 /* 原生地图高仿饿了么 */,
			);
			name = VC;
			sourceTree = "<group>";
		};
		E613943F1D8786ED00E98943 = {
			isa = PBXGroup;
			children = (
				E613944A1D8786ED00E98943 /* BaseApplication_demo */,
				E61394671D8786EE00E98943 /* BaseApplication_demoTests */,
				E61394721D8786EE00E98943 /* BaseApplication_demoUITests */,
				E61394491D8786ED00E98943 /* Products */,
				802DF0475EED0B63572277E7 /* Pods */,
				8A92FCC07BF4798EFC5743E2 /* Frameworks */,
			);
			sourceTree = "<group>";
		};
		E61394491D8786ED00E98943 /* Products */ = {
			isa = PBXGroup;
			children = (
				E61394481D8786ED00E98943 /* BaseApplication_demo.app */,
				E61394641D8786EE00E98943 /* BaseApplication_demoTests.xctest */,
				E613946F1D8786EE00E98943 /* BaseApplication_demoUITests.xctest */,
			);
			name = Products;
			sourceTree = "<group>";
		};
		E613944A1D8786ED00E98943 /* BaseApplication_demo */ = {
			isa = PBXGroup;
			children = (
				E613944E1D8786ED00E98943 /* AppDelegate.h */,
				E613944F1D8786ED00E98943 /* AppDelegate.m */,
				E60522DA1E08C19F00B1CA21 /* Util */,
				E67865181D8E25550094237E /* Request */,
				E61394D21D87EDE200E98943 /* Model */,
				E61394A81D878D4700E98943 /* Category */,
				E61394A91D878D4700E98943 /* ThirdLibrary */,
				E61394941D878CF300E98943 /* Base */,
				E613949B1D878CF300E98943 /* Class */,
				E613945C1D8786EE00E98943 /* LaunchScreen.storyboard */,
				E61394871D87898200E98943 /* BasePCH.pch */,
				E613948A1D878A5D00E98943 /* Macro.h */,
				E613944B1D8786ED00E98943 /* Supporting Files */,
			);
			path = BaseApplication_demo;
			sourceTree = "<group>";
		};
		E613944B1D8786ED00E98943 /* Supporting Files */ = {
			isa = PBXGroup;
			children = (
				E65AE2971E0E283200611DA4 /* dirName */,
				E65AE2AA1E0E283200611DA4 /* scripts */,
				E613945A1D8786EE00E98943 /* Assets.xcassets */,
				E65AE24F1E0D38C900611DA4 /* image.png */,
				E613945F1D8786EE00E98943 /* Info.plist */,
				E613944C1D8786ED00E98943 /* main.m */,
			);
			name = "Supporting Files";
			sourceTree = "<group>";
		};
		E61394671D8786EE00E98943 /* BaseApplication_demoTests */ = {
			isa = PBXGroup;
			children = (
				E61394681D8786EE00E98943 /* BaseApplication_demoTests.m */,
				E613946A1D8786EE00E98943 /* Info.plist */,
			);
			path = BaseApplication_demoTests;
			sourceTree = "<group>";
		};
		E61394721D8786EE00E98943 /* BaseApplication_demoUITests */ = {
			isa = PBXGroup;
			children = (
				E61394731D8786EE00E98943 /* BaseApplication_demoUITests.m */,
				E61394751D8786EE00E98943 /* Info.plist */,
			);
			path = BaseApplication_demoUITests;
			sourceTree = "<group>";
		};
		E61394941D878CF300E98943 /* Base */ = {
			isa = PBXGroup;
			children = (
				E61394971D878CF300E98943 /* MyNavigationController.h */,
				E61394981D878CF300E98943 /* MyNavigationController.m */,
				E61394991D878CF300E98943 /* MyTabBarController.h */,
				E613949A1D878CF300E98943 /* MyTabBarController.m */,
				E61394AE1D87A51E00E98943 /* CommonController.h */,
				E61394AF1D87A51E00E98943 /* CommonController.m */,
			);
			path = Base;
			sourceTree = "<group>";
		};
		E613949B1D878CF300E98943 /* Class */ = {
			isa = PBXGroup;
			children = (
				E60522E21E08FD3900B1CA21 /* VC */,
				E61394B11D87A97F00E98943 /* View */,
				E61394B91D87A9EE00E98943 /* Control */,
				E613949C1D878CF300E98943 /* FirstViewController.h */,
				E613949D1D878CF300E98943 /* FirstViewController.m */,
				E613949E1D878CF300E98943 /* SecondViewController.h */,
				E613949F1D878CF300E98943 /* SecondViewController.m */,
				E61394A01D878CF300E98943 /* ThirdViewController.h */,
				E61394A11D878CF300E98943 /* ThirdViewController.m */,
			);
			path = Class;
			sourceTree = "<group>";
		};
		E61394A81D878D4700E98943 /* Category */ = {
			isa = PBXGroup;
			children = (
				E61394AA1D878D6900E98943 /* CatogoryAPI.h */,
				E61394BA1D87AB3300E98943 /* UIView+accelerator.h */,
				E61394BB1D87AB3300E98943 /* UIView+accelerator.m */,
				E61394CC1D87ED0600E98943 /* UILabel+accelerator.h */,
				E61394CD1D87ED0600E98943 /* UILabel+accelerator.m */,
				E61394CF1D87ED5A00E98943 /* NSString+accelerator.h */,
				E61394D01D87ED5A00E98943 /* NSString+accelerator.m */,
				E61394C01D87CBFA00E98943 /* UIImage+color.h */,
				E61394C11D87CBFA00E98943 /* UIImage+color.m */,
				E61394C91D87D3DC00E98943 /* UIViewController+progress.h */,
				E61394CA1D87D3DC00E98943 /* UIViewController+progress.m */,
				E61394D61D87EF4900E98943 /* NSObject+propertyList.h */,
				E61394D71D87EF4900E98943 /* NSObject+propertyList.m */,
				E60522DB1E08C20C00B1CA21 /* CLLocation+Sino.h */,
				E60522DC1E08C20C00B1CA21 /* CLLocation+Sino.m */,
			);
			path = Category;
			sourceTree = "<group>";
		};
		E61394A91D878D4700E98943 /* ThirdLibrary */ = {
			isa = PBXGroup;
			children = (
			);
			path = ThirdLibrary;
			sourceTree = "<group>";
		};
		E61394B11D87A97F00E98943 /* View */ = {
			isa = PBXGroup;
			children = (
			);
			name = View;
			sourceTree = "<group>";
		};
		E61394B91D87A9EE00E98943 /* Control */ = {
			isa = PBXGroup;
			children = (
				E61394B21D87A9C600E98943 /* RetryButton.h */,
				E61394B31D87A9C600E98943 /* RetryButton.m */,
				E61394B41D87A9C600E98943 /* RetryView.h */,
				E61394B51D87A9C600E98943 /* RetryView.m */,
				E65AE2451E0CC0F000611DA4 /* ULSegmentControl.h */,
				E65AE2461E0CC0F000611DA4 /* ULSegmentControl.m */,
			);
			name = Control;
			sourceTree = "<group>";
		};
		E61394D21D87EDE200E98943 /* Model */ = {
			isa = PBXGroup;
			children = (
				E61394D91D87F10D00E98943 /* ModelAPI.h */,
				E61394D31D87EDFC00E98943 /* BaseModel.h */,
				E61394D41D87EDFC00E98943 /* BaseModel.m */,
				E61394DA1D87F2A900E98943 /* Model1.h */,
				E61394DB1D87F2A900E98943 /* Model1.m */,
			);
			path = Model;
			sourceTree = "<group>";
		};
		E65AE2971E0E283200611DA4 /* dirName */ = {
			isa = PBXGroup;
			children = (
				E65AE2981E0E283200611DA4 /* 店长推荐.htm */,
				E65AE2991E0E283200611DA4 /* 店长推荐_files */,
			);
			path = dirName;
			sourceTree = "<group>";
		};
		E65AE2991E0E283200611DA4 /* 店长推荐_files */ = {
			isa = PBXGroup;
			children = (
				E65AE29A1E0E283200611DA4 /* 201610111037187915_big.jpg */,
				E65AE29B1E0E283200611DA4 /* 201611151601072517_big.jpg */,
				E65AE29C1E0E283200611DA4 /* 201611231516338491_big.jpg */,
				E65AE29D1E0E283200611DA4 /* 201611241031267859_big.jpg */,
				E65AE29E1E0E283200611DA4 /* 201611241226190396_big.jpg */,
				E65AE29F1E0E283200611DA4 /* 201612041424242811_big.jpg */,
				E65AE2A01E0E283200611DA4 /* 201612061046318572_big.jpg */,
				E65AE2A11E0E283200611DA4 /* 201612061503039353_big.jpg */,
				E65AE2A21E0E283200611DA4 /* 201612061621335064_big.jpg */,
				E65AE2A31E0E283200611DA4 /* 201612081711353636_big.jpg */,
				E65AE2A41E0E283200611DA4 /* base.css */,
				E65AE2A51E0E283200611DA4 /* detail.css */,
				E65AE2A61E0E283200611DA4 /* dztj.jpg */,
				E65AE2A71E0E283200611DA4 /* jquery-1.7.2.min.js */,
				E65AE2A81E0E283200611DA4 /* juicer-min.js */,
				E65AE2A91E0E283200611DA4 /* u84.png */,
			);
			path = "店长推荐_files";
			sourceTree = "<group>";
		};
		E65AE2AA1E0E283200611DA4 /* scripts */ = {
			isa = PBXGroup;
			children = (
				E65AE2AB1E0E283200611DA4 /* copy-template-build-step.js */,
				E65AE2AC1E0E283200611DA4 /* node_modules */,
			);
			path = scripts;
			sourceTree = "<group>";
		};
		E65AE2AC1E0E283200611DA4 /* node_modules */ = {
			isa = PBXGroup;
			children = (
				E65AE2AD1E0E283200611DA4 /* shelljs */,
			);
			path = node_modules;
			sourceTree = "<group>";
		};
		E65AE2AD1E0E283200611DA4 /* shelljs */ = {
			isa = PBXGroup;
			children = (
				E65AE2AE1E0E283200611DA4 /* .documentup.json */,
				E65AE2AF1E0E283200611DA4 /* .jshintrc */,
				E65AE2B01E0E283200611DA4 /* .npmignore */,
				E65AE2B11E0E283200611DA4 /* .travis.yml */,
				E65AE2B21E0E283200611DA4 /* bin */,
				E65AE2B41E0E283200611DA4 /* global.js */,
				E65AE2B51E0E283200611DA4 /* LICENSE */,
				E65AE2B61E0E283200611DA4 /* make.js */,
				E65AE2B71E0E283200611DA4 /* package.json */,
				E65AE2B81E0E283200611DA4 /* README.md */,
				E65AE2B91E0E283200611DA4 /* RELEASE.md */,
				E65AE2BA1E0E283200611DA4 /* scripts */,
				E65AE2BD1E0E283200611DA4 /* shell.js */,
				E65AE2BE1E0E283200611DA4 /* src */,
			);
			path = shelljs;
			sourceTree = "<group>";
		};
		E65AE2B21E0E283200611DA4 /* bin */ = {
			isa = PBXGroup;
			children = (
				E65AE2B31E0E283200611DA4 /* shjs */,
			);
			path = bin;
			sourceTree = "<group>";
		};
		E65AE2BA1E0E283200611DA4 /* scripts */ = {
			isa = PBXGroup;
			children = (
				E65AE2BB1E0E283200611DA4 /* generate-docs.js */,
				E65AE2BC1E0E283200611DA4 /* run-tests.js */,
			);
			path = scripts;
			sourceTree = "<group>";
		};
		E65AE2BE1E0E283200611DA4 /* src */ = {
			isa = PBXGroup;
			children = (
				E65AE2BF1E0E283200611DA4 /* cat.js */,
				E65AE2C01E0E283200611DA4 /* cd.js */,
				E65AE2C11E0E283200611DA4 /* chmod.js */,
				E65AE2C21E0E283200611DA4 /* common.js */,
				E65AE2C31E0E283200611DA4 /* cp.js */,
				E65AE2C41E0E283200611DA4 /* dirs.js */,
				E65AE2C51E0E283200611DA4 /* echo.js */,
				E65AE2C61E0E283200611DA4 /* error.js */,
				E65AE2C71E0E283200611DA4 /* exec.js */,
				E65AE2C81E0E283200611DA4 /* find.js */,
				E65AE2C91E0E283200611DA4 /* grep.js */,
				E65AE2CA1E0E283200611DA4 /* ln.js */,
				E65AE2CB1E0E283200611DA4 /* ls.js */,
				E65AE2CC1E0E283200611DA4 /* mkdir.js */,
				E65AE2CD1E0E283200611DA4 /* mv.js */,
				E65AE2CE1E0E283200611DA4 /* popd.js */,
				E65AE2CF1E0E283200611DA4 /* pushd.js */,
				E65AE2D01E0E283200611DA4 /* pwd.js */,
				E65AE2D11E0E283200611DA4 /* rm.js */,
				E65AE2D21E0E283200611DA4 /* sed.js */,
				E65AE2D31E0E283200611DA4 /* tempdir.js */,
				E65AE2D41E0E283200611DA4 /* test.js */,
				E65AE2D51E0E283200611DA4 /* to.js */,
				E65AE2D61E0E283200611DA4 /* toEnd.js */,
				E65AE2D71E0E283200611DA4 /* which.js */,
			);
			path = src;
			sourceTree = "<group>";
		};
		E65AE2D91E0E29ED00611DA4 /* 原生地图高仿饿了么 */ = {
			isa = PBXGroup;
			children = (
				E60522E91E0912B200B1CA21 /* NativeMapVC.h */,
				E60522EA1E0912B200B1CA21 /* NativeMapVC.m */,
			);
			name = "原生地图高仿饿了么";
			sourceTree = "<group>";
		};
		E65AE2DA1E0E2A0000611DA4 /* WkWebView */ = {
			isa = PBXGroup;
			children = (
				E65AE2DB1E0E2A3900611DA4 /* WkWebViewController.h */,
				E65AE2DC1E0E2A3900611DA4 /* WkWebViewController.m */,
			);
			name = WkWebView;
			sourceTree = "<group>";
		};
		E67865181D8E25550094237E /* Request */ = {
			isa = PBXGroup;
			children = (
				E678651C1D8ECB980094237E /* 引导一.jpg */,
				E67865191D8E25C20094237E /* Request.h */,
				E678651A1D8E25C20094237E /* Request.m */,
				E613948B1D878B3100E98943 /* RequestAPI.h */,
			);
			path = Request;
			sourceTree = "<group>";
		};
/* End PBXGroup section */

/* Begin PBXNativeTarget section */
		E61394471D8786ED00E98943 /* BaseApplication_demo */ = {
			isa = PBXNativeTarget;
			buildConfigurationList = E61394781D8786EE00E98943 /* Build configuration list for PBXNativeTarget "BaseApplication_demo" */;
			buildPhases = (
				E1451F5D09D2A5924E669055 /* [CP] Check Pods Manifest.lock */,
				E61394441D8786ED00E98943 /* Sources */,
				E61394451D8786ED00E98943 /* Frameworks */,
				E61394461D8786ED00E98943 /* Resources */,
				19D952887BD024070036ED0B /* [CP] Embed Pods Frameworks */,
				7E5D6A4E4367D3CC7908FDEB /* [CP] Copy Pods Resources */,
				E65AE2D81E0E286200611DA4 /* ShellScript */,
			);
			buildRules = (
			);
			dependencies = (
			);
			name = BaseApplication_demo;
			productName = BaseApplication_demo;
			productReference = E61394481D8786ED00E98943 /* BaseApplication_demo.app */;
			productType = "com.apple.product-type.application";
		};
		E61394631D8786EE00E98943 /* BaseApplication_demoTests */ = {
			isa = PBXNativeTarget;
			buildConfigurationList = E613947B1D8786EE00E98943 /* Build configuration list for PBXNativeTarget "BaseApplication_demoTests" */;
			buildPhases = (
				B034F45CE5BFCAF2ECD07DE7 /* [CP] Check Pods Manifest.lock */,
				E61394601D8786EE00E98943 /* Sources */,
				E61394611D8786EE00E98943 /* Frameworks */,
				E61394621D8786EE00E98943 /* Resources */,
				3309409FEE9E16BFB3536C84 /* [CP] Embed Pods Frameworks */,
				D1E6D1C8F5EAA4FEC468918C /* [CP] Copy Pods Resources */,
			);
			buildRules = (
			);
			dependencies = (
				E61394661D8786EE00E98943 /* PBXTargetDependency */,
			);
			name = BaseApplication_demoTests;
			productName = BaseApplication_demoTests;
			productReference = E61394641D8786EE00E98943 /* BaseApplication_demoTests.xctest */;
			productType = "com.apple.product-type.bundle.unit-test";
		};
		E613946E1D8786EE00E98943 /* BaseApplication_demoUITests */ = {
			isa = PBXNativeTarget;
			buildConfigurationList = E613947E1D8786EE00E98943 /* Build configuration list for PBXNativeTarget "BaseApplication_demoUITests" */;
			buildPhases = (
				98FC3D7A01CB5C8B46240889 /* [CP] Check Pods Manifest.lock */,
				E613946B1D8786EE00E98943 /* Sources */,
				E613946C1D8786EE00E98943 /* Frameworks */,
				E613946D1D8786EE00E98943 /* Resources */,
				28986372BAA26E96CDB21FDB /* [CP] Copy Pods Resources */,
			);
			buildRules = (
			);
			dependencies = (
				E61394711D8786EE00E98943 /* PBXTargetDependency */,
			);
			name = BaseApplication_demoUITests;
			productName = BaseApplication_demoUITests;
			productReference = E613946F1D8786EE00E98943 /* BaseApplication_demoUITests.xctest */;
			productType = "com.apple.product-type.bundle.ui-testing";
		};
/* End PBXNativeTarget section */

/* Begin PBXProject section */
		E61394401D8786ED00E98943 /* Project object */ = {
			isa = PBXProject;
			attributes = {
				LastUpgradeCheck = 0800;
				ORGANIZATIONNAME = FezoLsp;
				TargetAttributes = {
					E61394471D8786ED00E98943 = {
						CreatedOnToolsVersion = 7.3;
						DevelopmentTeam = TEA4KWX63Q;
						SystemCapabilities = {
							com.apple.BackgroundModes = {
								enabled = 1;
							};
						};
					};
					E61394631D8786EE00E98943 = {
						CreatedOnToolsVersion = 7.3;
						TestTargetID = E61394471D8786ED00E98943;
					};
					E613946E1D8786EE00E98943 = {
						CreatedOnToolsVersion = 7.3;
						TestTargetID = E61394471D8786ED00E98943;
					};
				};
			};
			buildConfigurationList = E61394431D8786ED00E98943 /* Build configuration list for PBXProject "BaseApplication_demo" */;
			compatibilityVersion = "Xcode 3.2";
			developmentRegion = English;
			hasScannedForEncodings = 0;
			knownRegions = (
				en,
				Base,
			);
			mainGroup = E613943F1D8786ED00E98943;
			productRefGroup = E61394491D8786ED00E98943 /* Products */;
			projectDirPath = "";
			projectRoot = "";
			targets = (
				E61394471D8786ED00E98943 /* BaseApplication_demo */,
				E61394631D8786EE00E98943 /* BaseApplication_demoTests */,
				E613946E1D8786EE00E98943 /* BaseApplication_demoUITests */,
			);
		};
/* End PBXProject section */

/* Begin PBXResourcesBuildPhase section */
		E61394461D8786ED00E98943 /* Resources */ = {
			isa = PBXResourcesBuildPhase;
			buildActionMask = 2147483647;
			files = (
				E65AE2551E0D38C900611DA4 /* image.png in Resources */,
				E678651D1D8ECB980094237E /* 引导一.jpg in Resources */,
				E613945E1D8786EE00E98943 /* LaunchScreen.storyboard in Resources */,
				E613945B1D8786EE00E98943 /* Assets.xcassets in Resources */,
			);
			runOnlyForDeploymentPostprocessing = 0;
		};
		E61394621D8786EE00E98943 /* Resources */ = {
			isa = PBXResourcesBuildPhase;
			buildActionMask = 2147483647;
			files = (
			);
			runOnlyForDeploymentPostprocessing = 0;
		};
		E613946D1D8786EE00E98943 /* Resources */ = {
			isa = PBXResourcesBuildPhase;
			buildActionMask = 2147483647;
			files = (
			);
			runOnlyForDeploymentPostprocessing = 0;
		};
/* End PBXResourcesBuildPhase section */

/* Begin PBXShellScriptBuildPhase section */
		19D952887BD024070036ED0B /* [CP] Embed Pods Frameworks */ = {
			isa = PBXShellScriptBuildPhase;
			buildActionMask = 2147483647;
			files = (
			);
			inputPaths = (
			);
			name = "[CP] Embed Pods Frameworks";
			outputPaths = (
			);
			runOnlyForDeploymentPostprocessing = 0;
			shellPath = /bin/sh;
			shellScript = "\"${SRCROOT}/Pods/Target Support Files/Pods-BaseApplication_demo/Pods-BaseApplication_demo-frameworks.sh\"\n";
			showEnvVarsInLog = 0;
		};
		28986372BAA26E96CDB21FDB /* [CP] Copy Pods Resources */ = {
			isa = PBXShellScriptBuildPhase;
			buildActionMask = 2147483647;
			files = (
			);
			inputPaths = (
			);
			name = "[CP] Copy Pods Resources";
			outputPaths = (
			);
			runOnlyForDeploymentPostprocessing = 0;
			shellPath = /bin/sh;
			shellScript = "\"${SRCROOT}/Pods/Target Support Files/Pods-BaseApplication_demoUITests/Pods-BaseApplication_demoUITests-resources.sh\"\n";
			showEnvVarsInLog = 0;
		};
		3309409FEE9E16BFB3536C84 /* [CP] Embed Pods Frameworks */ = {
			isa = PBXShellScriptBuildPhase;
			buildActionMask = 2147483647;
			files = (
			);
			inputPaths = (
			);
			name = "[CP] Embed Pods Frameworks";
			outputPaths = (
			);
			runOnlyForDeploymentPostprocessing = 0;
			shellPath = /bin/sh;
			shellScript = "\"${SRCROOT}/Pods/Target Support Files/Pods-BaseApplication_demoTests/Pods-BaseApplication_demoTests-frameworks.sh\"\n";
			showEnvVarsInLog = 0;
		};
		7E5D6A4E4367D3CC7908FDEB /* [CP] Copy Pods Resources */ = {
			isa = PBXShellScriptBuildPhase;
			buildActionMask = 2147483647;
			files = (
			);
			inputPaths = (
			);
			name = "[CP] Copy Pods Resources";
			outputPaths = (
			);
			runOnlyForDeploymentPostprocessing = 0;
			shellPath = /bin/sh;
			shellScript = "\"${SRCROOT}/Pods/Target Support Files/Pods-BaseApplication_demo/Pods-BaseApplication_demo-resources.sh\"\n";
			showEnvVarsInLog = 0;
		};
		98FC3D7A01CB5C8B46240889 /* [CP] Check Pods Manifest.lock */ = {
			isa = PBXShellScriptBuildPhase;
			buildActionMask = 2147483647;
			files = (
			);
			inputPaths = (
			);
			name = "[CP] Check Pods Manifest.lock";
			outputPaths = (
			);
			runOnlyForDeploymentPostprocessing = 0;
			shellPath = /bin/sh;
			shellScript = "diff \"${PODS_ROOT}/../Podfile.lock\" \"${PODS_ROOT}/Manifest.lock\" > /dev/null\nif [[ $? != 0 ]] ; then\n    cat << EOM\nerror: The sandbox is not in sync with the Podfile.lock. Run 'pod install' or update your CocoaPods installation.\nEOM\n    exit 1\nfi\n";
			showEnvVarsInLog = 0;
		};
		B034F45CE5BFCAF2ECD07DE7 /* [CP] Check Pods Manifest.lock */ = {
			isa = PBXShellScriptBuildPhase;
			buildActionMask = 2147483647;
			files = (
			);
			inputPaths = (
			);
			name = "[CP] Check Pods Manifest.lock";
			outputPaths = (
			);
			runOnlyForDeploymentPostprocessing = 0;
			shellPath = /bin/sh;
			shellScript = "diff \"${PODS_ROOT}/../Podfile.lock\" \"${PODS_ROOT}/Manifest.lock\" > /dev/null\nif [[ $? != 0 ]] ; then\n    cat << EOM\nerror: The sandbox is not in sync with the Podfile.lock. Run 'pod install' or update your CocoaPods installation.\nEOM\n    exit 1\nfi\n";
			showEnvVarsInLog = 0;
		};
		D1E6D1C8F5EAA4FEC468918C /* [CP] Copy Pods Resources */ = {
			isa = PBXShellScriptBuildPhase;
			buildActionMask = 2147483647;
			files = (
			);
			inputPaths = (
			);
			name = "[CP] Copy Pods Resources";
			outputPaths = (
			);
			runOnlyForDeploymentPostprocessing = 0;
			shellPath = /bin/sh;
			shellScript = "\"${SRCROOT}/Pods/Target Support Files/Pods-BaseApplication_demoTests/Pods-BaseApplication_demoTests-resources.sh\"\n";
			showEnvVarsInLog = 0;
		};
		E1451F5D09D2A5924E669055 /* [CP] Check Pods Manifest.lock */ = {
			isa = PBXShellScriptBuildPhase;
			buildActionMask = 2147483647;
			files = (
			);
			inputPaths = (
			);
			name = "[CP] Check Pods Manifest.lock";
			outputPaths = (
			);
			runOnlyForDeploymentPostprocessing = 0;
			shellPath = /bin/sh;
			shellScript = "diff \"${PODS_ROOT}/../Podfile.lock\" \"${PODS_ROOT}/Manifest.lock\" > /dev/null\nif [[ $? != 0 ]] ; then\n    cat << EOM\nerror: The sandbox is not in sync with the Podfile.lock. Run 'pod install' or update your CocoaPods installation.\nEOM\n    exit 1\nfi\n";
			showEnvVarsInLog = 0;
		};
		E65AE2D81E0E286200611DA4 /* ShellScript */ = {
			isa = PBXShellScriptBuildPhase;
			buildActionMask = 2147483647;
			files = (
			);
			inputPaths = (
			);
			outputPaths = (
			);
			runOnlyForDeploymentPostprocessing = 0;
			shellPath = /bin/sh;
			shellScript = "NODEJS_PATH=/usr/local/bin; NVM_NODE_PATH=~/.nvm/versions/node/`nvm version 2>/dev/null`/bin; N_NODE_PATH=`find /usr/local/n/versions/node/* -maxdepth 0 -type d 2>/dev/null | tail -1`/bin; XCODE_NODE_PATH=`xcode-select --print-path`/usr/share/xcs/Node/bin; PATH=$NODEJS_PATH:$NVM_NODE_PATH:$N_NODE_PATH:$XCODE_NODE_PATH:$PATH && node BaseApplication_demo/scripts/copy-template-build-step.js";
		};
/* End PBXShellScriptBuildPhase section */

/* Begin PBXSourcesBuildPhase section */
		E61394441D8786ED00E98943 /* Sources */ = {
			isa = PBXSourcesBuildPhase;
			buildActionMask = 2147483647;
			files = (
				E60522E01E08C20C00B1CA21 /* CLLocManager.m in Sources */,
				E60522DF1E08C20C00B1CA21 /* CLLocation+Sino.m in Sources */,
				E61394501D8786ED00E98943 /* AppDelegate.m in Sources */,
				E61394DC1D87F2A900E98943 /* Model1.m in Sources */,
				E61394A51D878CF300E98943 /* FirstViewController.m in Sources */,
				E61394D51D87EDFC00E98943 /* BaseModel.m in Sources */,
				E65AE2471E0CC0F000611DA4 /* ULSegmentControl.m in Sources */,
				E61394D81D87EF4900E98943 /* NSObject+propertyList.m in Sources */,
				E60522E51E08FD7A00B1CA21 /* TableViewController.m in Sources */,
				E61394B01D87A51E00E98943 /* CommonController.m in Sources */,
				E60522EB1E0912B200B1CA21 /* NativeMapVC.m in Sources */,
				E6716A611D90D8D7009A22D9 /* CoreData.m in Sources */,
				E61394BC1D87AB3300E98943 /* UIView+accelerator.m in Sources */,
				E6716A581D90D86D009A22D9 /* Model.xcdatamodeld in Sources */,
				E61394CE1D87ED0600E98943 /* UILabel+accelerator.m in Sources */,
				E61394A71D878CF300E98943 /* ThirdViewController.m in Sources */,
				E61394C21D87CBFA00E98943 /* UIImage+color.m in Sources */,
				E61394D11D87ED5A00E98943 /* NSString+accelerator.m in Sources */,
				E61394CB1D87D3DC00E98943 /* UIViewController+progress.m in Sources */,
				E61394A31D878CF300E98943 /* MyNavigationController.m in Sources */,
				E6716A5E1D90D8B2009A22D9 /* Entity1.m in Sources */,
				E61394A61D878CF300E98943 /* SecondViewController.m in Sources */,
				E65AE2DD1E0E2A3900611DA4 /* WkWebViewController.m in Sources */,
				E613944D1D8786ED00E98943 /* main.m in Sources */,
				E678651B1D8E25C20094237E /* Request.m in Sources */,
				E61394B71D87A9C700E98943 /* RetryView.m in Sources */,
				E6716A5D1D90D8B2009A22D9 /* Entity1+CoreDataProperties.m in Sources */,
				E61394A41D878CF300E98943 /* MyTabBarController.m in Sources */,
				E61394B61D87A9C600E98943 /* RetryButton.m in Sources */,
			);
			runOnlyForDeploymentPostprocessing = 0;
		};
		E61394601D8786EE00E98943 /* Sources */ = {
			isa = PBXSourcesBuildPhase;
			buildActionMask = 2147483647;
			files = (
				E61394691D8786EE00E98943 /* BaseApplication_demoTests.m in Sources */,
			);
			runOnlyForDeploymentPostprocessing = 0;
		};
		E613946B1D8786EE00E98943 /* Sources */ = {
			isa = PBXSourcesBuildPhase;
			buildActionMask = 2147483647;
			files = (
				E61394741D8786EE00E98943 /* BaseApplication_demoUITests.m in Sources */,
			);
			runOnlyForDeploymentPostprocessing = 0;
		};
/* End PBXSourcesBuildPhase section */

/* Begin PBXTargetDependency section */
		E61394661D8786EE00E98943 /* PBXTargetDependency */ = {
			isa = PBXTargetDependency;
			target = E61394471D8786ED00E98943 /* BaseApplication_demo */;
			targetProxy = E61394651D8786EE00E98943 /* PBXContainerItemProxy */;
		};
		E61394711D8786EE00E98943 /* PBXTargetDependency */ = {
			isa = PBXTargetDependency;
			target = E61394471D8786ED00E98943 /* BaseApplication_demo */;
			targetProxy = E61394701D8786EE00E98943 /* PBXContainerItemProxy */;
		};
/* End PBXTargetDependency section */

/* Begin PBXVariantGroup section */
		E613945C1D8786EE00E98943 /* LaunchScreen.storyboard */ = {
			isa = PBXVariantGroup;
			children = (
				E613945D1D8786EE00E98943 /* Base */,
			);
			name = LaunchScreen.storyboard;
			sourceTree = "<group>";
		};
/* End PBXVariantGroup section */

/* Begin XCBuildConfiguration section */
		E61394761D8786EE00E98943 /* Debug */ = {
			isa = XCBuildConfiguration;
			buildSettings = {
				ALWAYS_SEARCH_USER_PATHS = NO;
				CLANG_ANALYZER_NONNULL = YES;
				CLANG_CXX_LANGUAGE_STANDARD = "gnu++0x";
				CLANG_CXX_LIBRARY = "libc++";
				CLANG_ENABLE_MODULES = YES;
				CLANG_ENABLE_OBJC_ARC = YES;
				CLANG_WARN_BOOL_CONVERSION = YES;
				CLANG_WARN_CONSTANT_CONVERSION = YES;
				CLANG_WARN_DIRECT_OBJC_ISA_USAGE = YES_ERROR;
				CLANG_WARN_EMPTY_BODY = YES;
				CLANG_WARN_ENUM_CONVERSION = YES;
				CLANG_WARN_INFINITE_RECURSION = YES;
				CLANG_WARN_INT_CONVERSION = YES;
				CLANG_WARN_OBJC_ROOT_CLASS = YES_ERROR;
				CLANG_WARN_SUSPICIOUS_MOVE = YES;
				CLANG_WARN_UNREACHABLE_CODE = YES;
				CLANG_WARN__DUPLICATE_METHOD_MATCH = YES;
				"CODE_SIGN_IDENTITY[sdk=iphoneos*]" = "iPhone Developer";
				COPY_PHASE_STRIP = NO;
				DEBUG_INFORMATION_FORMAT = dwarf;
				ENABLE_STRICT_OBJC_MSGSEND = YES;
				ENABLE_TESTABILITY = YES;
				GCC_C_LANGUAGE_STANDARD = gnu99;
				GCC_DYNAMIC_NO_PIC = NO;
				GCC_NO_COMMON_BLOCKS = YES;
				GCC_OPTIMIZATION_LEVEL = 0;
				GCC_PREPROCESSOR_DEFINITIONS = (
					"DEBUG=1",
					"$(inherited)",
				);
				GCC_WARN_64_TO_32_BIT_CONVERSION = YES;
				GCC_WARN_ABOUT_RETURN_TYPE = YES_ERROR;
				GCC_WARN_UNDECLARED_SELECTOR = YES;
				GCC_WARN_UNINITIALIZED_AUTOS = YES_AGGRESSIVE;
				GCC_WARN_UNUSED_FUNCTION = YES;
				GCC_WARN_UNUSED_VARIABLE = YES;
				IPHONEOS_DEPLOYMENT_TARGET = 10.0;
				MTL_ENABLE_DEBUG_INFO = YES;
				ONLY_ACTIVE_ARCH = YES;
				SDKROOT = iphoneos;
			};
			name = Debug;
		};
		E61394771D8786EE00E98943 /* Release */ = {
			isa = XCBuildConfiguration;
			buildSettings = {
				ALWAYS_SEARCH_USER_PATHS = NO;
				CLANG_ANALYZER_NONNULL = YES;
				CLANG_CXX_LANGUAGE_STANDARD = "gnu++0x";
				CLANG_CXX_LIBRARY = "libc++";
				CLANG_ENABLE_MODULES = YES;
				CLANG_ENABLE_OBJC_ARC = YES;
				CLANG_WARN_BOOL_CONVERSION = YES;
				CLANG_WARN_CONSTANT_CONVERSION = YES;
				CLANG_WARN_DIRECT_OBJC_ISA_USAGE = YES_ERROR;
				CLANG_WARN_EMPTY_BODY = YES;
				CLANG_WARN_ENUM_CONVERSION = YES;
				CLANG_WARN_INFINITE_RECURSION = YES;
				CLANG_WARN_INT_CONVERSION = YES;
				CLANG_WARN_OBJC_ROOT_CLASS = YES_ERROR;
				CLANG_WARN_SUSPICIOUS_MOVE = YES;
				CLANG_WARN_UNREACHABLE_CODE = YES;
				CLANG_WARN__DUPLICATE_METHOD_MATCH = YES;
				"CODE_SIGN_IDENTITY[sdk=iphoneos*]" = "iPhone Developer";
				COPY_PHASE_STRIP = NO;
				DEBUG_INFORMATION_FORMAT = "dwarf-with-dsym";
				ENABLE_NS_ASSERTIONS = NO;
				ENABLE_STRICT_OBJC_MSGSEND = YES;
				GCC_C_LANGUAGE_STANDARD = gnu99;
				GCC_NO_COMMON_BLOCKS = YES;
				GCC_WARN_64_TO_32_BIT_CONVERSION = YES;
				GCC_WARN_ABOUT_RETURN_TYPE = YES_ERROR;
				GCC_WARN_UNDECLARED_SELECTOR = YES;
				GCC_WARN_UNINITIALIZED_AUTOS = YES_AGGRESSIVE;
				GCC_WARN_UNUSED_FUNCTION = YES;
				GCC_WARN_UNUSED_VARIABLE = YES;
				IPHONEOS_DEPLOYMENT_TARGET = 10.0;
				MTL_ENABLE_DEBUG_INFO = NO;
				SDKROOT = iphoneos;
				VALIDATE_PRODUCT = YES;
			};
			name = Release;
		};
		E61394791D8786EE00E98943 /* Debug */ = {
			isa = XCBuildConfiguration;
			baseConfigurationReference = 78EEB5CBEE6DF115F16FBE35 /* Pods-BaseApplication_demo.debug.xcconfig */;
			buildSettings = {
				ASSETCATALOG_COMPILER_APPICON_NAME = AppIcon;
				DEVELOPMENT_TEAM = TEA4KWX63Q;
				GCC_PREFIX_HEADER = "$(SRCROOT)/BaseApplication_demo/BasePCH.pch";
				INFOPLIST_FILE = BaseApplication_demo/Info.plist;
				IPHONEOS_DEPLOYMENT_TARGET = 8.0;
				LD_RUNPATH_SEARCH_PATHS = "$(inherited) @executable_path/Frameworks";
				PRODUCT_BUNDLE_IDENTIFIER = "com.lspp.BaseApplication-demo";
				PRODUCT_NAME = "$(TARGET_NAME)";
			};
			name = Debug;
		};
		E613947A1D8786EE00E98943 /* Release */ = {
			isa = XCBuildConfiguration;
			baseConfigurationReference = B73A2D8202FEF1624E1F02D0 /* Pods-BaseApplication_demo.release.xcconfig */;
			buildSettings = {
				ASSETCATALOG_COMPILER_APPICON_NAME = AppIcon;
				DEVELOPMENT_TEAM = TEA4KWX63Q;
				GCC_PREFIX_HEADER = "$(SRCROOT)/BaseApplication_demo/BasePCH.pch";
				INFOPLIST_FILE = BaseApplication_demo/Info.plist;
				IPHONEOS_DEPLOYMENT_TARGET = 8.0;
				LD_RUNPATH_SEARCH_PATHS = "$(inherited) @executable_path/Frameworks";
				PRODUCT_BUNDLE_IDENTIFIER = "com.lspp.BaseApplication-demo";
				PRODUCT_NAME = "$(TARGET_NAME)";
			};
			name = Release;
		};
		E613947C1D8786EE00E98943 /* Debug */ = {
			isa = XCBuildConfiguration;
			baseConfigurationReference = 68EA0F68C1962FE48DF6667F /* Pods-BaseApplication_demoTests.debug.xcconfig */;
			buildSettings = {
				BUNDLE_LOADER = "$(TEST_HOST)";
				INFOPLIST_FILE = BaseApplication_demoTests/Info.plist;
				LD_RUNPATH_SEARCH_PATHS = "$(inherited) @executable_path/Frameworks @loader_path/Frameworks";
				PRODUCT_BUNDLE_IDENTIFIER = "com.lspp.BaseApplication-demoTests";
				PRODUCT_NAME = "$(TARGET_NAME)";
				TEST_HOST = "$(BUILT_PRODUCTS_DIR)/BaseApplication_demo.app/BaseApplication_demo";
			};
			name = Debug;
		};
		E613947D1D8786EE00E98943 /* Release */ = {
			isa = XCBuildConfiguration;
			baseConfigurationReference = E308585D8897CA9E24B164F3 /* Pods-BaseApplication_demoTests.release.xcconfig */;
			buildSettings = {
				BUNDLE_LOADER = "$(TEST_HOST)";
				INFOPLIST_FILE = BaseApplication_demoTests/Info.plist;
				LD_RUNPATH_SEARCH_PATHS = "$(inherited) @executable_path/Frameworks @loader_path/Frameworks";
				PRODUCT_BUNDLE_IDENTIFIER = "com.lspp.BaseApplication-demoTests";
				PRODUCT_NAME = "$(TARGET_NAME)";
				TEST_HOST = "$(BUILT_PRODUCTS_DIR)/BaseApplication_demo.app/BaseApplication_demo";
			};
			name = Release;
		};
		E613947F1D8786EE00E98943 /* Debug */ = {
			isa = XCBuildConfiguration;
			baseConfigurationReference = 36A6220473EA50A304F3DAEB /* Pods-BaseApplication_demoUITests.debug.xcconfig */;
			buildSettings = {
				INFOPLIST_FILE = BaseApplication_demoUITests/Info.plist;
				LD_RUNPATH_SEARCH_PATHS = "$(inherited) @executable_path/Frameworks @loader_path/Frameworks";
				PRODUCT_BUNDLE_IDENTIFIER = "com.lspp.BaseApplication-demoUITests";
				PRODUCT_NAME = "$(TARGET_NAME)";
				TEST_TARGET_NAME = BaseApplication_demo;
			};
			name = Debug;
		};
		E61394801D8786EE00E98943 /* Release */ = {
			isa = XCBuildConfiguration;
			baseConfigurationReference = ADD58A5C7DB362EBED1B8FB1 /* Pods-BaseApplication_demoUITests.release.xcconfig */;
			buildSettings = {
				INFOPLIST_FILE = BaseApplication_demoUITests/Info.plist;
				LD_RUNPATH_SEARCH_PATHS = "$(inherited) @executable_path/Frameworks @loader_path/Frameworks";
				PRODUCT_BUNDLE_IDENTIFIER = "com.lspp.BaseApplication-demoUITests";
				PRODUCT_NAME = "$(TARGET_NAME)";
				TEST_TARGET_NAME = BaseApplication_demo;
			};
			name = Release;
		};
/* End XCBuildConfiguration section */

/* Begin XCConfigurationList section */
		E61394431D8786ED00E98943 /* Build configuration list for PBXProject "BaseApplication_demo" */ = {
			isa = XCConfigurationList;
			buildConfigurations = (
				E61394761D8786EE00E98943 /* Debug */,
				E61394771D8786EE00E98943 /* Release */,
			);
			defaultConfigurationIsVisible = 0;
			defaultConfigurationName = Release;
		};
		E61394781D8786EE00E98943 /* Build configuration list for PBXNativeTarget "BaseApplication_demo" */ = {
			isa = XCConfigurationList;
			buildConfigurations = (
				E61394791D8786EE00E98943 /* Debug */,
				E613947A1D8786EE00E98943 /* Release */,
			);
			defaultConfigurationIsVisible = 0;
			defaultConfigurationName = Release;
		};
		E613947B1D8786EE00E98943 /* Build configuration list for PBXNativeTarget "BaseApplication_demoTests" */ = {
			isa = XCConfigurationList;
			buildConfigurations = (
				E613947C1D8786EE00E98943 /* Debug */,
				E613947D1D8786EE00E98943 /* Release */,
			);
			defaultConfigurationIsVisible = 0;
			defaultConfigurationName = Release;
		};
		E613947E1D8786EE00E98943 /* Build configuration list for PBXNativeTarget "BaseApplication_demoUITests" */ = {
			isa = XCConfigurationList;
			buildConfigurations = (
				E613947F1D8786EE00E98943 /* Debug */,
				E61394801D8786EE00E98943 /* Release */,
			);
			defaultConfigurationIsVisible = 0;
			defaultConfigurationName = Release;
		};
/* End XCConfigurationList section */

/* Begin XCVersionGroup section */
		E6716A561D90D86D009A22D9 /* Model.xcdatamodeld */ = {
			isa = XCVersionGroup;
			children = (
				E6716A571D90D86D009A22D9 /* Model.xcdatamodel */,
			);
			currentVersion = E6716A571D90D86D009A22D9 /* Model.xcdatamodel */;
			name = Model.xcdatamodeld;
			path = ../Class/Model.xcdatamodeld;
			sourceTree = "<group>";
			versionGroupType = wrapper.xcdatamodel;
		};
/* End XCVersionGroup section */
	};
	rootObject = E61394401D8786ED00E98943 /* Project object */;
}
